dependencies:
- name: laravel-nginx
  repository: file://../laravel-nginx
  version: 1.0.0
- name: laravel-nginx-exporter
  repository: file://../laravel-nginx-exporter
  version: 1.0.0
- name: memcached
  repository: https://charts.bitnami.com/bitnami
  version: 5.9.0
- name: mysql
  repository: https://charts.bitnami.com/bitnami
  version: 8.5.1
- name: flux
  repository: https://charts.fluxcd.io
  version: 1.8.0
digest: sha256:4a6fc697442647f4b41339061e69faa2e1f131a2f4a58d8fb3c3cc57cef4d25a
generated: "2021-04-22T00:17:55.636328471+03:00"
