dependencies:
- name: laravel-nginx
  repository: file://../laravel-nginx
  version: 1.0.0
- name: laravel-nginx-exporter
  repository: file://../laravel-nginx-exporter
  version: 1.0.0
- name: memcached
  repository: https://charts.bitnami.com/bitnami
  version: 5.9.0
- name: mysql
  repository: https://charts.bitnami.com/bitnami
  version: 8.5.1
digest: sha256:7f88ec80391233ff0a73845c89330588e7ac336b0c7aae1f33b7443fe0580588
generated: "2021-04-21T23:44:10.742537528+03:00"
